{
  "projects": [
    {
      "projectId": "ohDidvG9XsCeFumugENU3J",
      "version": "6.29.0",
      "dependencies": {},
      "lang": "ts",
      "fileLocks": [
        {
          "assetId": "ohDidvG9XsCeFumugENU3J",
          "type": "projectCss",
          "checksum": "ba2a60a163fca4f4d510275088a2be53"
        },
        {
          "assetId": "ohDidvG9XsCeFumugENU3J",
          "checksum": "de0a0e65174a6a185a8f822af51c6bdd",
          "type": "globalContexts"
        }
      ],
      "codegenVersion": "0.0.1"
    },
    {
      "projectId": "gLnoj82AzKVVT7qXiqAbHD",
      "version": "2.14.0",
      "dependencies": {},
      "lang": "ts",
      "fileLocks": [
        {
          "assetId": "gLnoj82AzKVVT7qXiqAbHD",
          "type": "projectCss",
          "checksum": "1c02168c6b23256606111fdfdbb63549"
        },
        {
          "type": "renderModule",
          "assetId": "lBHNzts6tFyj",
          "checksum": "a91cfad691c4f316cd987e0ce67ad43b"
        },
        {
          "type": "cssRules",
          "assetId": "lBHNzts6tFyj",
          "checksum": "a91cfad691c4f316cd987e0ce67ad43b"
        },
        {
          "type": "icon",
          "assetId": "zq2s7N0xWucT",
          "checksum": "7691da81b3fdb3bd85f62a09bf3c2cc7"
        },
        {
          "type": "icon",
          "assetId": "8K40faRNhuCj",
          "checksum": "4fedd32cd8730884585d804464a39318"
        }
      ],
      "codegenVersion": "0.0.1"
    },
    {
      "projectId": "enk3K4vZ6pmH6kVCoZJXGn",
      "version": "4.26.0",
      "dependencies": {},
      "lang": "ts",
      "fileLocks": [
        {
          "assetId": "enk3K4vZ6pmH6kVCoZJXGn",
          "type": "projectCss",
          "checksum": "67c68b20701026439269d7beebecfc49"
        }
      ],
      "codegenVersion": "0.0.1"
    },
    {
      "projectId": "caTPwKxj5ZrD9LQ7DMdK4Z",
      "version": "3.40.0",
      "dependencies": {},
      "lang": "ts",
      "fileLocks": [
        {
          "assetId": "caTPwKxj5ZrD9LQ7DMdK4Z",
          "type": "projectCss",
          "checksum": "1c02168c6b23256606111fdfdbb63549"
        }
      ],
      "codegenVersion": "0.0.1"
    },
    {
      "projectId": "28Ba3BDvRe7EiWdfFNnLB6",
      "version": "2.38.0",
      "dependencies": {},
      "lang": "ts",
      "fileLocks": [
        {
          "assetId": "28Ba3BDvRe7EiWdfFNnLB6",
          "type": "projectCss",
          "checksum": "1c02168c6b23256606111fdfdbb63549"
        }
      ],
      "codegenVersion": "0.0.1"
    },
    {
      "projectId": "r3ASNrnyvLLLAtDvzUioQ",
      "version": "4.8.0",
      "dependencies": {},
      "lang": "ts",
      "fileLocks": [
        {
          "assetId": "r3ASNrnyvLLLAtDvzUioQ",
          "type": "projectCss",
          "checksum": "1c02168c6b23256606111fdfdbb63549"
        }
      ],
      "codegenVersion": "0.0.1"
    },
    {
      "projectId": "wauR2tk1hPNKxeSBCX7ndF",
      "version": "latest",
      "dependencies": {
        "r3ASNrnyvLLLAtDvzUioQ": "4.8.0",
        "28Ba3BDvRe7EiWdfFNnLB6": "2.38.0",
        "caTPwKxj5ZrD9LQ7DMdK4Z": "3.40.0",
        "enk3K4vZ6pmH6kVCoZJXGn": "4.26.0",
        "gLnoj82AzKVVT7qXiqAbHD": "2.14.0",
        "ohDidvG9XsCeFumugENU3J": "6.29.0"
      },
      "lang": "ts",
      "fileLocks": [
        {
          "type": "globalVariant",
          "assetId": "2yPqM3-kD-WG",
          "checksum": "c23d3e1514c3201d2cee937590cc8654"
        },
        {
          "assetId": "wauR2tk1hPNKxeSBCX7ndF",
          "checksum": "57ad69f884295d22a41d44c8adcc34e9",
          "type": "globalContexts"
        },
        {
          "type": "renderModule",
          "assetId": "U5uof_mgInZI",
          "checksum": "dc87e1e083d59195979ceb521bcc48ea"
        },
        {
          "type": "cssRules",
          "assetId": "U5uof_mgInZI",
          "checksum": "dc87e1e083d59195979ceb521bcc48ea"
        },
        {
          "type": "renderModule",
          "assetId": "_Qbmz7EISRz_",
          "checksum": "82d34c7ed54359a1a9add1ff47cf3f76"
        },
        {
          "type": "cssRules",
          "assetId": "_Qbmz7EISRz_",
          "checksum": "82d34c7ed54359a1a9add1ff47cf3f76"
        },
        {
          "type": "renderModule",
          "assetId": "y_FDIM6Zq-d5",
          "checksum": "1e069973c583203e468544499889751e"
        },
        {
          "type": "cssRules",
          "assetId": "y_FDIM6Zq-d5",
          "checksum": "1e069973c583203e468544499889751e"
        },
        {
          "type": "renderModule",
          "assetId": "4arliTQcAY3d",
          "checksum": "3bbd32d61b80fbcd42135be84e8ace5f"
        },
        {
          "type": "cssRules",
          "assetId": "4arliTQcAY3d",
          "checksum": "3bbd32d61b80fbcd42135be84e8ace5f"
        },
        {
          "type": "renderModule",
          "assetId": "EQwRxbdl2id8",
          "checksum": "1d8095c273ab868cc55d828a42fb0285"
        },
        {
          "type": "cssRules",
          "assetId": "EQwRxbdl2id8",
          "checksum": "1d8095c273ab868cc55d828a42fb0285"
        },
        {
          "type": "renderModule",
          "assetId": "7Vap5ZiLJu7a",
          "checksum": "1a056c89b22d8cecd194ecb3a9f9359c"
        },
        {
          "type": "cssRules",
          "assetId": "7Vap5ZiLJu7a",
          "checksum": "1a056c89b22d8cecd194ecb3a9f9359c"
        },
        {
          "type": "renderModule",
          "assetId": "B8gJI3-AqLm0",
          "checksum": "e14ca490e9a3aa25b994a1b5ea1f66b6"
        },
        {
          "type": "cssRules",
          "assetId": "B8gJI3-AqLm0",
          "checksum": "e14ca490e9a3aa25b994a1b5ea1f66b6"
        },
        {
          "type": "renderModule",
          "assetId": "peb4zapuyEXB",
          "checksum": "548dcec6002bc8292b99d4481bc16c5e"
        },
        {
          "type": "cssRules",
          "assetId": "peb4zapuyEXB",
          "checksum": "548dcec6002bc8292b99d4481bc16c5e"
        },
        {
          "type": "renderModule",
          "assetId": "OMiOI2JD1Yvn",
          "checksum": "0520d63c24db7b4c857091680bb481b9"
        },
        {
          "type": "cssRules",
          "assetId": "OMiOI2JD1Yvn",
          "checksum": "0520d63c24db7b4c857091680bb481b9"
        },
        {
          "type": "renderModule",
          "assetId": "2WwdCIPes9G8",
          "checksum": "950f306d4d828a52c0b0d07ab13ffe1a"
        },
        {
          "type": "cssRules",
          "assetId": "2WwdCIPes9G8",
          "checksum": "950f306d4d828a52c0b0d07ab13ffe1a"
        },
        {
          "type": "renderModule",
          "assetId": "y_MaGHU9V_Ue",
          "checksum": "946b56b3f2141ffdcc9b8e5e2402b229"
        },
        {
          "type": "cssRules",
          "assetId": "y_MaGHU9V_Ue",
          "checksum": "946b56b3f2141ffdcc9b8e5e2402b229"
        },
        {
          "type": "renderModule",
          "assetId": "N8x7vUKS4T3n",
          "checksum": "3762ea1f7c96c938e1d37d61da85f602"
        },
        {
          "type": "cssRules",
          "assetId": "N8x7vUKS4T3n",
          "checksum": "3762ea1f7c96c938e1d37d61da85f602"
        },
        {
          "type": "renderModule",
          "assetId": "9pDOvBRTOpt9",
          "checksum": "9952ae8d5453490f5f4ec9242a2a4206"
        },
        {
          "type": "cssRules",
          "assetId": "9pDOvBRTOpt9",
          "checksum": "9952ae8d5453490f5f4ec9242a2a4206"
        },
        {
          "type": "renderModule",
          "assetId": "R-uUGxGO-lLS",
          "checksum": "d134d304442cf8053b600bdd115005f7"
        },
        {
          "type": "cssRules",
          "assetId": "R-uUGxGO-lLS",
          "checksum": "d134d304442cf8053b600bdd115005f7"
        },
        {
          "type": "renderModule",
          "assetId": "s0LCpaUf4pqV",
          "checksum": "f2e0e797dbc2b0bcc8b381b4902f2a6d"
        },
        {
          "type": "cssRules",
          "assetId": "s0LCpaUf4pqV",
          "checksum": "f2e0e797dbc2b0bcc8b381b4902f2a6d"
        },
        {
          "type": "renderModule",
          "assetId": "KYOCF7zeGyoX",
          "checksum": "ba1dc7b2da87d949a2df25d0021f83ef"
        },
        {
          "type": "cssRules",
          "assetId": "KYOCF7zeGyoX",
          "checksum": "ba1dc7b2da87d949a2df25d0021f83ef"
        },
        {
          "type": "renderModule",
          "assetId": "N-rd5kfmUAOw",
          "checksum": "ddf37408ee9e798d23747099384d782b"
        },
        {
          "type": "cssRules",
          "assetId": "N-rd5kfmUAOw",
          "checksum": "ddf37408ee9e798d23747099384d782b"
        },
        {
          "type": "renderModule",
          "assetId": "wc_UOJSme2Ws",
          "checksum": "9000a97b2d21a90c4267e0d02bcc73d4"
        },
        {
          "type": "cssRules",
          "assetId": "wc_UOJSme2Ws",
          "checksum": "9000a97b2d21a90c4267e0d02bcc73d4"
        },
        {
          "type": "icon",
          "assetId": "8DjHUJI81s9x",
          "checksum": "7b70be236dd5170eeab554ceb05f1b27"
        },
        {
          "type": "icon",
          "assetId": "BJ5XRvZXvxF3",
          "checksum": "95ad42d75cccf5e7d54cde9a4dff5b43"
        },
        {
          "type": "icon",
          "assetId": "YDVzHW_YDla2",
          "checksum": "9b91261eeb4ddcdbb6b5f575d97093a6"
        },
        {
          "type": "icon",
          "assetId": "5_vOZtHDFmWe",
          "checksum": "310730dcf5c6cd4b902c07be638a42e2"
        },
        {
          "type": "icon",
          "assetId": "XLts9lONaM5c",
          "checksum": "2e9ce6d04df537553799ac6775d1c190"
        },
        {
          "type": "icon",
          "assetId": "GkGirzhpswO_",
          "checksum": "22410753cb7da0ddc29afa481b24f896"
        },
        {
          "type": "icon",
          "assetId": "YG3YAEM_AYjb",
          "checksum": "97146c2e2725f5bda7b9b68016987bd3"
        },
        {
          "type": "icon",
          "assetId": "iCsg8uIR7ASS",
          "checksum": "5e2a03661c4057847757429c6a01a19f"
        },
        {
          "type": "icon",
          "assetId": "ERbvdfgpax4A",
          "checksum": "b5c1696c3f60195184ad47bfe45f82d6"
        },
        {
          "type": "icon",
          "assetId": "3l5hCinkLRJ5",
          "checksum": "8d4f9f950f1fa2317d11342d28e1df80"
        },
        {
          "type": "icon",
          "assetId": "QbNOavY00qMy",
          "checksum": "5a5414da7f766e19e1bf58ccab1112c9"
        },
        {
          "type": "icon",
          "assetId": "6GSnbq0MM0Zg",
          "checksum": "74682f90e7fc42a18cb078cfe111e81d"
        },
        {
          "type": "icon",
          "assetId": "wLv-cuxrHYjG",
          "checksum": "5121e4dd1244ee385744aff2bdc74c91"
        },
        {
          "type": "icon",
          "assetId": "vNpqkYijO2KI",
          "checksum": "0ec9558941fe58bf2530b0378c10b809"
        },
        {
          "type": "icon",
          "assetId": "lXJ49SFW0l0e",
          "checksum": "d8c79bb46e7c9a3638ebe1a6ab10cf1e"
        },
        {
          "type": "icon",
          "assetId": "HZOtD1fAEgQN",
          "checksum": "0273baabc038520458c4170f50a062b3"
        },
        {
          "type": "icon",
          "assetId": "MzINOQNCDIRw",
          "checksum": "eda2fb28dbbdf70586e4be553b81018e"
        },
        {
          "type": "icon",
          "assetId": "j3O30Vm7ASIR",
          "checksum": "8b51234bd07075cc5143f8faac4664de"
        },
        {
          "type": "icon",
          "assetId": "3--cQcKjpw4M",
          "checksum": "ea3feab21d6507e20820884b2ceb6789"
        },
        {
          "type": "icon",
          "assetId": "_H0IQrBu9ajq",
          "checksum": "84959ccaa36b38b8d80da87d4ad34c06"
        },
        {
          "type": "icon",
          "assetId": "nqlvjsI0YM8G",
          "checksum": "ee06e3c0ae59e03418cdb69ec011dee4"
        },
        {
          "type": "icon",
          "assetId": "6ST9P-ZIKTDi",
          "checksum": "c105d67415d003396061bfc0c2b760b8"
        },
        {
          "type": "icon",
          "assetId": "oWSWF85Rn-6P",
          "checksum": "0262dc490862fc031e9b66b7222f30fe"
        },
        {
          "type": "icon",
          "assetId": "X2UEXtAP0Vzx",
          "checksum": "63dd0ee63f23e5b2381e295e0f64b043"
        },
        {
          "type": "image",
          "assetId": "vymV8AhBo7S1",
          "checksum": "d269fd6ca834c438c44cb196a231405a"
        },
        {
          "type": "image",
          "assetId": "ve72xdKp4vox",
          "checksum": "7a42c0ebc2b4059775cce48737140a42"
        },
        {
          "type": "image",
          "assetId": "XBtzwnVgPaQS",
          "checksum": "69808dad48c25cd122d5d8cd010d643d"
        },
        {
          "type": "image",
          "assetId": "9RD94NcrIsaq",
          "checksum": "9eaa32f0f1b9c52b630cb2df20a037bf"
        },
        {
          "type": "image",
          "assetId": "hCUHjd0c-XCu",
          "checksum": "f042f7e759fd24d38043816a889fb907"
        },
        {
          "type": "image",
          "assetId": "SbRp6AWO8LG6",
          "checksum": "5409c9a532a7d5972d4c3fddac4067da"
        },
        {
          "type": "image",
          "assetId": "xt3Mv0WTWndQ",
          "checksum": "5f173f0bd84cd0c2b6934e5b3a39bd97"
        },
        {
          "type": "image",
          "assetId": "9nU8axKNYNeo",
          "checksum": "a08553636161b5cfde4bcadb27c3f1e5"
        },
        {
          "type": "image",
          "assetId": "EmJRvTsSf_6W",
          "checksum": "4de8f02e6e8d2601fb6a98d3bc1e4ecc"
        },
        {
          "type": "image",
          "assetId": "ac8ILaTSzFGf",
          "checksum": "81a719e4ea23b0ac1f3da452e36a0cff"
        },
        {
          "type": "image",
          "assetId": "eKiubljKUvm6",
          "checksum": "d2de3f44f6857398b525e34781df9a31"
        },
        {
          "type": "image",
          "assetId": "MlNZx0d96hzz",
          "checksum": "dd5350b7993ae0aeecca7f54c2a93316"
        },
        {
          "type": "image",
          "assetId": "PvXn8HCcMtc3",
          "checksum": "5f7c21ef85c22186f78bb2367b111621"
        },
        {
          "type": "image",
          "assetId": "2QSFH2EeGDCh",
          "checksum": "3c85e5428ca9c0014460f11ddeffba86"
        },
        {
          "type": "image",
          "assetId": "avW8sQdYrIPf",
          "checksum": "14ab25f48530a61a6445dc95ea1f5726"
        },
        {
          "type": "image",
          "assetId": "RXcQeFVV5G8G",
          "checksum": "ef69c53976b093b135a4f28bb4691474"
        },
        {
          "type": "image",
          "assetId": "niit0mL9EAaO",
          "checksum": "42697e917138c72240dd2348ec39300a"
        },
        {
          "type": "image",
          "assetId": "1i0rpMkFbRbd",
          "checksum": "842e33a706d0d07ba023b9fe56554ff4"
        },
        {
          "type": "image",
          "assetId": "3evzRoVUXiYU",
          "checksum": "e457e08bab3e6208480434357669fe72"
        },
        {
          "type": "image",
          "assetId": "kPe5CqVK_we9",
          "checksum": "4b5e2babfcaaea068f2b8648e19a6fed"
        },
        {
          "type": "image",
          "assetId": "1GLcKFtdqWPi",
          "checksum": "a3cb993cd513669045bc87a58aa1d8ba"
        },
        {
          "type": "image",
          "assetId": "jwq04cCWm4M7",
          "checksum": "a23d0386575ffbdf7ba160e39e2ef162"
        },
        {
          "type": "image",
          "assetId": "OjsVO5JZYqM0",
          "checksum": "16a5a2774b700922d7af2091276452a0"
        },
        {
          "type": "image",
          "assetId": "o0Q-LPu145Nm",
          "checksum": "803676254b0f103eb5482c788c621972"
        },
        {
          "type": "image",
          "assetId": "PtZGPYUHihi3",
          "checksum": "79a02b741522c3390b138490dfc34520"
        },
        {
          "type": "image",
          "assetId": "BRa3G7YOFqWw",
          "checksum": "03de1965c9a48fa983ddf58f905bfbcd"
        },
        {
          "type": "image",
          "assetId": "7prJ6Q0h0Cdv",
          "checksum": "454eef7da2e39bf92094874a81c6dc70"
        },
        {
          "type": "image",
          "assetId": "tur8DdcQqhVn",
          "checksum": "418d9b32cfefc087d00fc074510d78f5"
        },
        {
          "type": "image",
          "assetId": "yxIzLXtBMQQV",
          "checksum": "717912b57bf4ace837ede4eb2eac7776"
        },
        {
          "type": "image",
          "assetId": "v0IIzNNNL0RA",
          "checksum": "bda633f1e750726ed2fad1c26730d8d9"
        },
        {
          "type": "image",
          "assetId": "CJPQ2fq8-3M2",
          "checksum": "6f12c42a944a4d18f93597e97a948d7a"
        },
        {
          "type": "image",
          "assetId": "lARdQiX9gxag",
          "checksum": "8b12605d05fcc80e7f394e0b36686e60"
        },
        {
          "type": "image",
          "assetId": "TEi3RHLTrl-i",
          "checksum": "b9d7ceaac7c0d898ade2e9d749e48243"
        },
        {
          "type": "image",
          "assetId": "1IOuV0Oqd6Q-",
          "checksum": "4f5f88fc15eb8e10cdeb600f39ebc783"
        },
        {
          "type": "image",
          "assetId": "MtihQTW_IVZx",
          "checksum": "5400d7cf2ac4048088b365b975a50802"
        },
        {
          "type": "image",
          "assetId": "HgWoGABTEgph",
          "checksum": "bd056235c0acdbf2cb3dc55043216eff"
        },
        {
          "type": "image",
          "assetId": "TGnuvt-6wPQi",
          "checksum": "f59b8747ae9b0074dd48e99e58e5d9a0"
        },
        {
          "type": "image",
          "assetId": "-LZnHLinUkLo",
          "checksum": "3407baa7a606348afaec55d76deecebc"
        },
        {
          "type": "image",
          "assetId": "wVSisWmwM7cM",
          "checksum": "b354765f3d056153794f4dcb0de0c3c7"
        },
        {
          "type": "image",
          "assetId": "91xutoriOuaZ",
          "checksum": "10aae03eb26f81a58db0bf83c701ffa6"
        },
        {
          "type": "image",
          "assetId": "wCNXfC1_Al_N",
          "checksum": "5eef78483ad0602e4cb2b3a07c8f1e28"
        },
        {
          "type": "image",
          "assetId": "G97uw2_6nLDJ",
          "checksum": "4780ed632962eefd0e8f51841fd959cf"
        },
        {
          "type": "image",
          "assetId": "gofJWSup_S_G",
          "checksum": "9ccf3c4fd26507c30872734dbf055fb4"
        },
        {
          "type": "image",
          "assetId": "2jj44cqAY4s-",
          "checksum": "8554e8aef695357360a668829ced15ec"
        },
        {
          "type": "renderModule",
          "assetId": "51CNIoTt1LFT",
          "checksum": "5c822a179a1a22c811ca3ecdd3eab66a"
        },
        {
          "type": "cssRules",
          "assetId": "51CNIoTt1LFT",
          "checksum": "5c822a179a1a22c811ca3ecdd3eab66a"
        },
        {
          "type": "renderModule",
          "assetId": "xVYQLQ9yUidU",
          "checksum": "eb86fd254fb9aa9ac55c083aa001e6b4"
        },
        {
          "type": "cssRules",
          "assetId": "xVYQLQ9yUidU",
          "checksum": "eb86fd254fb9aa9ac55c083aa001e6b4"
        },
        {
          "type": "renderModule",
          "assetId": "x03w5FBu3TfW",
          "checksum": "e6ca03b988c57c24ce53ad2fb97ae676"
        },
        {
          "type": "cssRules",
          "assetId": "x03w5FBu3TfW",
          "checksum": "e6ca03b988c57c24ce53ad2fb97ae676"
        },
        {
          "type": "image",
          "assetId": "Jy94S2SmA8CI",
          "checksum": "f01503a2f0d41a6596c760db7eb960a2"
        },
        {
          "type": "image",
          "assetId": "yMLu9s5u7Q2l",
          "checksum": "de2152755df7a6da647f9ba5da754f2f"
        },
        {
          "type": "image",
          "assetId": "CHapdEerw8d1",
          "checksum": "5c5460177cb298478616db34fc7ee692"
        },
        {
          "type": "image",
          "assetId": "MMXOl8K3vGNM",
          "checksum": "bdc8987bba917e692c7078255de223c2"
        },
        {
          "type": "image",
          "assetId": "DgEvnAkHBIr3",
          "checksum": "2b78475f3866094f5b48bf75398365bb"
        },
        {
          "type": "image",
          "assetId": "VRHPmOO6SHxW",
          "checksum": "fbb190be9ccb70b852e0e4e036439e91"
        },
        {
          "type": "image",
          "assetId": "iQoMlgdoo60r",
          "checksum": "2aeeee29e9038db861bcb79582052c02"
        },
        {
          "type": "image",
          "assetId": "kF74TnQkLST9",
          "checksum": "cc75312fe1d59c3afbe6830931b3705d"
        },
        {
          "type": "image",
          "assetId": "Zyk09TbFbVfS",
          "checksum": "992cd8686474be63ef4c0aa9049eac39"
        },
        {
          "type": "image",
          "assetId": "meVw3dyNGnmC",
          "checksum": "7a411080c10032f7c69649308e87c952"
        },
        {
          "type": "image",
          "assetId": "M72cssoxQTDI",
          "checksum": "072591ab12870510a45c4b0e8ede5e4a"
        },
        {
          "type": "image",
          "assetId": "7U5H4RqBQBCi",
          "checksum": "fdb1139d0f6321483d7cf3b9f02567f6"
        },
        {
          "type": "image",
          "assetId": "9X8mKNE9rlk8",
          "checksum": "d4ca466c7689f25e813f80d216fc8185"
        },
        {
          "type": "image",
          "assetId": "q4w7bf5z8mYs",
          "checksum": "e2f8c77a7e4bee3632f27b9c99c3fb70"
        },
        {
          "type": "image",
          "assetId": "SCTlWAa-9t6U",
          "checksum": "e23c4d4a5995f2f84630ee50b0ea9027"
        },
        {
          "type": "image",
          "assetId": "jYozjJo2I8bH",
          "checksum": "d75478407f001d3a1dc5fa400f3a4cf6"
        },
        {
          "type": "image",
          "assetId": "YBPBXqALdvZT",
          "checksum": "cb963baf178fe909a7681e1c24122570"
        },
        {
          "type": "image",
          "assetId": "6itSDXk7Fwey",
          "checksum": "1d8583c12c8ed4379d29672dbf4b6938"
        },
        {
          "type": "image",
          "assetId": "hc9hmkPH8VPk",
          "checksum": "a8683c0cacd36bb07739e50e6c437642"
        },
        {
          "type": "image",
          "assetId": "XqsnRWhlpueC",
          "checksum": "86bc4a12e4a025bce3d7b0de69c6f433"
        },
        {
          "type": "image",
          "assetId": "ZU0_bF0kvUvT",
          "checksum": "6779a849cb5219bb2f6883c3b8a281ee"
        },
        {
          "type": "image",
          "assetId": "bbJVSyWffMmj",
          "checksum": "4335750bdaac759bf5b408789b376bd7"
        },
        {
          "type": "image",
          "assetId": "q8y1hs63HF_U",
          "checksum": "906b887520d236ffc54e4245d7a13905"
        },
        {
          "type": "image",
          "assetId": "bz0rT3GZXwwY",
          "checksum": "e5a668cda96b5b63ea9b1dbb3a21e1b7"
        },
        {
          "type": "image",
          "assetId": "Q8xEjC6CrmX8",
          "checksum": "df28887d9183069d5aff1c89a62601a5"
        },
        {
          "type": "image",
          "assetId": "8DF1D7sH4_lD",
          "checksum": "f85fb183177b33a963c39b44fbc2d15d"
        },
        {
          "type": "image",
          "assetId": "mgPB2i3WY29h",
          "checksum": "cf83f09c80059a9c9566445a3c90adcd"
        },
        {
          "type": "image",
          "assetId": "dis5jWNWZn7u",
          "checksum": "6bbe34152c6156825d0aebb0cbead927"
        },
        {
          "type": "image",
          "assetId": "71-bcrieCGU7",
          "checksum": "7c82708fc4c4915f0caa89e4622afafa"
        },
        {
          "type": "image",
          "assetId": "fWDFJpoDm6em",
          "checksum": "991c7fa30a5a708a2c3dd4f3e737d972"
        },
        {
          "type": "image",
          "assetId": "Q_mFrXVTFb0S",
          "checksum": "11744f96d4d7ea3d22d818210daa3afd"
        },
        {
          "type": "image",
          "assetId": "po5lvPzDlKlL",
          "checksum": "ef458d6bfa51902fba4986bf297cb419"
        },
        {
          "type": "image",
          "assetId": "pLRpMk4hzeuK",
          "checksum": "29d212941e405049e1d52fa5fa4e3f2d"
        },
        {
          "type": "image",
          "assetId": "Kx5y1aN_vBDb",
          "checksum": "b88c87bc6415b29ee0eb2f3554d05711"
        },
        {
          "type": "image",
          "assetId": "PsUmnuTdaeuJ",
          "checksum": "893cfff1229f6f4ffa0410b293d7cd67"
        },
        {
          "type": "image",
          "assetId": "21FDfu1Lk5pj",
          "checksum": "32a1f7c321c6c900e2cb620ee8254d11"
        },
        {
          "type": "image",
          "assetId": "l3rHo02fYqOC",
          "checksum": "c1a221b45ee1530a5112ff28eeb234d4"
        },
        {
          "type": "image",
          "assetId": "yL4O9J3_aKLG",
          "checksum": "ddf614786bb26fbb0b2194b2390e02f0"
        },
        {
          "type": "image",
          "assetId": "J37I8-7LBWcv",
          "checksum": "1f8acd1b4a67cfad2947eb115584b2d3"
        },
        {
          "type": "image",
          "assetId": "prIZsrcxh0fC",
          "checksum": "d3a19808497ef2bcfe7f34d6c832d1e2"
        },
        {
          "type": "image",
          "assetId": "oqk5Kqkkq6Lf",
          "checksum": "593d4a64af4d2ed7ca09ef6009196109"
        },
        {
          "type": "image",
          "assetId": "uLpH4lzlJEnF",
          "checksum": "327c837fec738aa3ae4e4878a8b589a6"
        },
        {
          "type": "renderModule",
          "assetId": "9LMKHLPEcISp",
          "checksum": "93e17ffff18289f8d9df054d71505220"
        },
        {
          "type": "cssRules",
          "assetId": "9LMKHLPEcISp",
          "checksum": "93e17ffff18289f8d9df054d71505220"
        },
        {
          "type": "renderModule",
          "assetId": "JCUruiiBoiUY",
          "checksum": "3a832ab3247be768d147abc84f533805"
        },
        {
          "type": "cssRules",
          "assetId": "JCUruiiBoiUY",
          "checksum": "3a832ab3247be768d147abc84f533805"
        },
        {
          "type": "renderModule",
          "assetId": "Fs6IO6-MbSpr",
          "checksum": "ea34dab3d9522aa01feea2284f398dae"
        },
        {
          "type": "cssRules",
          "assetId": "Fs6IO6-MbSpr",
          "checksum": "ea34dab3d9522aa01feea2284f398dae"
        },
        {
          "type": "icon",
          "assetId": "tOwa6r_30gMK",
          "checksum": "3b3581be2e40151a1bc0388070022f67"
        },
        {
          "type": "icon",
          "assetId": "o-EUHSnekLZV",
          "checksum": "9df73c5f1d6409c29288c2acae2cd8b8"
        },
        {
          "type": "image",
          "assetId": "_9Y55Naets52",
          "checksum": "5743209a9d4250cd0d450c8a08d7fcf1"
        },
        {
          "type": "image",
          "assetId": "Z_HJ9r5Qjtc_",
          "checksum": "68ded282792234dffdba8fba62d89bf9"
        },
        {
          "type": "image",
          "assetId": "0nc9Dkk92NY-",
          "checksum": "dc7b8b3bda89afcb40eff2fb5141749e"
        },
        {
          "type": "image",
          "assetId": "sq8t3k4UOcc7",
          "checksum": "ce22d1c5e49f2efa3a0ce0c5ced0917c"
        },
        {
          "type": "image",
          "assetId": "Cq8Hog-OltE_",
          "checksum": "c80f32774957031ed983bb72d9de8a5b"
        },
        {
          "type": "image",
          "assetId": "QRsK0y6gORUB",
          "checksum": "a43c11ac4c164148fb87dd9a2b306507"
        },
        {
          "type": "image",
          "assetId": "DM4GZbxyJfGC",
          "checksum": "b436c743a989f63f4d050c15ec96bbfa"
        },
        {
          "type": "image",
          "assetId": "LXxaaMsmaHEd",
          "checksum": "45a9cf3c7480476c150c28be45b5e5a9"
        },
        {
          "type": "image",
          "assetId": "siN2KOMDz5KD",
          "checksum": "2850f6d6e908d2bb920087efcf1cb607"
        },
        {
          "type": "image",
          "assetId": "ArPpc3mkMGTC",
          "checksum": "57f7023b21804c1345ba85057d06dd10"
        },
        {
          "type": "image",
          "assetId": "Zt7JKQ-m-0ws",
          "checksum": "d88600a968c9f38aea47107925adaec7"
        },
        {
          "assetId": "wauR2tk1hPNKxeSBCX7ndF",
          "type": "projectCss",
          "checksum": "bbd1a2ccd83b140172c0f3c97f98cf76"
        },
        {
          "type": "renderModule",
          "assetId": "bh_FeQsX5gbb",
          "checksum": "ba211295b9d2be4ca202efc07226207a"
        },
        {
          "type": "cssRules",
          "assetId": "bh_FeQsX5gbb",
          "checksum": "ba211295b9d2be4ca202efc07226207a"
        },
        {
          "type": "renderModule",
          "assetId": "KiS0rJjR65tl",
          "checksum": "2e09f028d2bea9b2d5eea82db1e309b5"
        },
        {
          "type": "cssRules",
          "assetId": "KiS0rJjR65tl",
          "checksum": "2e09f028d2bea9b2d5eea82db1e309b5"
        },
        {
          "type": "image",
          "assetId": "5qfLRQCCT7Gk",
          "checksum": "97ac8160fca60b6bbdce9ebb85cd1051"
        },
        {
          "type": "image",
          "assetId": "3kv1srYpasqp",
          "checksum": "d15d1b74984b83530ff5a0d66de3fc99"
        },
        {
          "type": "image",
          "assetId": "tRi-lDLIxACm",
          "checksum": "6d6f304ebaa4f9fa7166534f6c904eea"
        },
        {
          "type": "image",
          "assetId": "4_gqu2gMy6i4",
          "checksum": "9ece009043d8921d9b1dda30ce67e999"
        },
        {
          "type": "image",
          "assetId": "BCjW2_z2E3o3",
          "checksum": "ade8191cb71f8e6159135f30a2c5f73e"
        }
      ],
      "codegenVersion": "0.0.1"
    }
  ],
  "cliVersion": "0.1.335"
}
